
Microsoft Visual Studio Solution File, Format Version 12.00
# Visual Studio Version 16
VisualStudioVersion = 16.0.31515.178
MinimumVisualStudioVersion = 10.0.40219.1
Project("{FAE04EC0-301F-11D3-BF4B-00C04F79EFBC}") = "BabySitterKata", "BabySitterKata\BabySitterKata.csproj", "{1EC47FAC-4D40-45E6-BBCA-860EDE557C6F}"
EndProject
Project("{FAE04EC0-301F-11D3-BF4B-00C04F79EFBC}") = "BabySitterKataTest", "BabySitterKataTest\BabySitterKataTest.csproj", "{AB0792CC-04FE-4FD2-973A-4A372C75FEF8}"
	ProjectSection(ProjectDependencies) = postProject
		{1EC47FAC-4D40-45E6-BBCA-860EDE557C6F} = {1EC47FAC-4D40-45E6-BBCA-860EDE557C6F}
	EndProjectSection
EndProject
Global
	GlobalSection(SolutionConfigurationPlatforms) = preSolution
		Debug|Any CPU = Debug|Any CPU
		Release|Any CPU = Release|Any CPU
	EndGlobalSection
	GlobalSection(ProjectConfigurationPlatforms) = postSolution
		{1EC47FAC-4D40-45E6-BBCA-860EDE557C6F}.Debug|Any CPU.ActiveCfg = Debug|Any CPU
		{1EC47FAC-4D40-45E6-BBCA-860EDE557C6F}.Debug|Any CPU.Build.0 = Debug|Any CPU
		{1EC47FAC-4D40-45E6-BBCA-860EDE557C6F}.Release|Any CPU.ActiveCfg = Release|Any CPU
		{1EC47FAC-4D40-45E6-BBCA-860EDE557C6F}.Release|Any CPU.Build.0 = Release|Any CPU
		{AB0792CC-04FE-4FD2-973A-4A372C75FEF8}.Debug|Any CPU.ActiveCfg = Debug|Any CPU
		{AB0792CC-04FE-4FD2-973A-4A372C75FEF8}.Debug|Any CPU.Build.0 = Debug|Any CPU
		{AB0792CC-04FE-4FD2-973A-4A372C75FEF8}.Release|Any CPU.ActiveCfg = Release|Any CPU
		{AB0792CC-04FE-4FD2-973A-4A372C75FEF8}.Release|Any CPU.Build.0 = Release|Any CPU
	EndGlobalSection
	GlobalSection(SolutionProperties) = preSolution
		HideSolutionNode = FALSE
	EndGlobalSection
	GlobalSection(ExtensibilityGlobals) = postSolution
		SolutionGuid = {B42DADF5-F80E-4328-9093-7FC47B65F2EE}
	EndGlobalSection
EndGlobal
